
Microsoft Visual Studio Solution File, Format Version 12.00
# Visual Studio Version 17
VisualStudioVersion = 17.2.32519.379
MinimumVisualStudioVersion = 10.0.40219.1
Project("{FAE04EC0-301F-11D3-BF4B-00C04F79EFBC}") = "AutoTestingPageObject", "AutoTestingPageObject\AutoTestingPageObject.csproj", "{F2E02D02-F8A8-4BD7-A275-3F8CFD84CB46}"
EndProject
Global
	GlobalSection(SolutionConfigurationPlatforms) = preSolution
		Debug|Any CPU = Debug|Any CPU
		Release|Any CPU = Release|Any CPU
	EndGlobalSection
	GlobalSection(ProjectConfigurationPlatforms) = postSolution
		{F2E02D02-F8A8-4BD7-A275-3F8CFD84CB46}.Debug|Any CPU.ActiveCfg = Debug|Any CPU
		{F2E02D02-F8A8-4BD7-A275-3F8CFD84CB46}.Debug|Any CPU.Build.0 = Debug|Any CPU
		{F2E02D02-F8A8-4BD7-A275-3F8CFD84CB46}.Release|Any CPU.ActiveCfg = Release|Any CPU
		{F2E02D02-F8A8-4BD7-A275-3F8CFD84CB46}.Release|Any CPU.Build.0 = Release|Any CPU
	EndGlobalSection
	GlobalSection(SolutionProperties) = preSolution
		HideSolutionNode = FALSE
	EndGlobalSection
	GlobalSection(ExtensibilityGlobals) = postSolution
		SolutionGuid = {0A9DF502-2C2D-4858-A401-D52EF4ECEF48}
	EndGlobalSection
EndGlobal
